
Microsoft Visual Studio Solution File, Format Version 12.00
# Visual Studio 14
VisualStudioVersion = 14.0.25123.0
MinimumVisualStudioVersion = 10.0.40219.1
Project("{FAE04EC0-301F-11D3-BF4B-00C04F79EFBC}") = "CodePlusXaml.Droid", "CodePlusXaml\CodePlusXaml.Droid\CodePlusXaml.Droid.csproj", "{E5AF1174-AC7A-49C8-8FC5-75D4A1F1B3D3}"
EndProject
Project("{FAE04EC0-301F-11D3-BF4B-00C04F79EFBC}") = "CodePlusXaml.iOS", "CodePlusXaml\CodePlusXaml.iOS\CodePlusXaml.iOS.csproj", "{F889C915-3E9D-4A0D-9AA8-328C05379D40}"
EndProject
Project("{FAE04EC0-301F-11D3-BF4B-00C04F79EFBC}") = "CodePlusXaml.WinPhone", "CodePlusXaml\CodePlusXaml.WinPhone\CodePlusXaml.WinPhone.csproj", "{9F4B6D2E-A973-4DDE-830D-E5C235D231D9}"
EndProject
Project("{FAE04EC0-301F-11D3-BF4B-00C04F79EFBC}") = "CodePlusXaml.UWP", "CodePlusXaml\CodePlusXaml.UWP\CodePlusXaml.UWP.csproj", "{585AA2D9-8B20-4188-85D2-858AF465FB3F}"
EndProject
Project("{FAE04EC0-301F-11D3-BF4B-00C04F79EFBC}") = "CodePlusXaml.Windows", "CodePlusXaml\CodePlusXaml.Windows\CodePlusXaml.Windows.csproj", "{BA1B4FED-57E1-4387-9317-C64FD3B1B7DD}"
EndProject
Project("{FAE04EC0-301F-11D3-BF4B-00C04F79EFBC}") = "CodePlusXaml", "CodePlusXaml\CodePlusXaml\CodePlusXaml.csproj", "{7224A4DB-1138-4D74-84B9-61BE06851F1F}"
EndProject
Global
	GlobalSection(SolutionConfigurationPlatforms) = preSolution
		Ad-Hoc|Any CPU = Ad-Hoc|Any CPU
		Ad-Hoc|ARM = Ad-Hoc|ARM
		Ad-Hoc|iPhone = Ad-Hoc|iPhone
		Ad-Hoc|iPhoneSimulator = Ad-Hoc|iPhoneSimulator
		Ad-Hoc|x64 = Ad-Hoc|x64
		Ad-Hoc|x86 = Ad-Hoc|x86
		AppStore|Any CPU = AppStore|Any CPU
		AppStore|ARM = AppStore|ARM
		AppStore|iPhone = AppStore|iPhone
		AppStore|iPhoneSimulator = AppStore|iPhoneSimulator
		AppStore|x64 = AppStore|x64
		AppStore|x86 = AppStore|x86
		Debug|Any CPU = Debug|Any CPU
		Debug|ARM = Debug|ARM
		Debug|iPhone = Debug|iPhone
		Debug|iPhoneSimulator = Debug|iPhoneSimulator
		Debug|x64 = Debug|x64
		Debug|x86 = Debug|x86
		Release|Any CPU = Release|Any CPU
		Release|ARM = Release|ARM
		Release|iPhone = Release|iPhone
		Release|iPhoneSimulator = Release|iPhoneSimulator
		Release|x64 = Release|x64
		Release|x86 = Release|x86
	EndGlobalSection
	GlobalSection(ProjectConfigurationPlatforms) = postSolution
		{E5AF1174-AC7A-49C8-8FC5-75D4A1F1B3D3}.Ad-Hoc|Any CPU.ActiveCfg = Release|Any CPU
		{E5AF1174-AC7A-49C8-8FC5-75D4A1F1B3D3}.Ad-Hoc|Any CPU.Build.0 = Release|Any CPU
		{E5AF1174-AC7A-49C8-8FC5-75D4A1F1B3D3}.Ad-Hoc|Any CPU.Deploy.0 = Release|Any CPU
		{E5AF1174-AC7A-49C8-8FC5-75D4A1F1B3D3}.Ad-Hoc|ARM.ActiveCfg = Release|Any CPU
		{E5AF1174-AC7A-49C8-8FC5-75D4A1F1B3D3}.Ad-Hoc|ARM.Build.0 = Release|Any CPU
		{E5AF1174-AC7A-49C8-8FC5-75D4A1F1B3D3}.Ad-Hoc|ARM.Deploy.0 = Release|Any CPU
		{E5AF1174-AC7A-49C8-8FC5-75D4A1F1B3D3}.Ad-Hoc|iPhone.ActiveCfg = Release|Any CPU
		{E5AF1174-AC7A-49C8-8FC5-75D4A1F1B3D3}.Ad-Hoc|iPhone.Build.0 = Release|Any CPU
		{E5AF1174-AC7A-49C8-8FC5-75D4A1F1B3D3}.Ad-Hoc|iPhone.Deploy.0 = Release|Any CPU
		{E5AF1174-AC7A-49C8-8FC5-75D4A1F1B3D3}.Ad-Hoc|iPhoneSimulator.ActiveCfg = Release|Any CPU
		{E5AF1174-AC7A-49C8-8FC5-75D4A1F1B3D3}.Ad-Hoc|iPhoneSimulator.Build.0 = Release|Any CPU
		{E5AF1174-AC7A-49C8-8FC5-75D4A1F1B3D3}.Ad-Hoc|iPhoneSimulator.Deploy.0 = Release|Any CPU
		{E5AF1174-AC7A-49C8-8FC5-75D4A1F1B3D3}.Ad-Hoc|x64.ActiveCfg = Release|Any CPU
		{E5AF1174-AC7A-49C8-8FC5-75D4A1F1B3D3}.Ad-Hoc|x64.Build.0 = Release|Any CPU
		{E5AF1174-AC7A-49C8-8FC5-75D4A1F1B3D3}.Ad-Hoc|x64.Deploy.0 = Release|Any CPU
		{E5AF1174-AC7A-49C8-8FC5-75D4A1F1B3D3}.Ad-Hoc|x86.ActiveCfg = Release|Any CPU
		{E5AF1174-AC7A-49C8-8FC5-75D4A1F1B3D3}.Ad-Hoc|x86.Build.0 = Release|Any CPU
		{E5AF1174-AC7A-49C8-8FC5-75D4A1F1B3D3}.Ad-Hoc|x86.Deploy.0 = Release|Any CPU
		{E5AF1174-AC7A-49C8-8FC5-75D4A1F1B3D3}.AppStore|Any CPU.ActiveCfg = Release|Any CPU
		{E5AF1174-AC7A-49C8-8FC5-75D4A1F1B3D3}.AppStore|Any CPU.Build.0 = Release|Any CPU
		{E5AF1174-AC7A-49C8-8FC5-75D4A1F1B3D3}.AppStore|Any CPU.Deploy.0 = Release|Any CPU
		{E5AF1174-AC7A-49C8-8FC5-75D4A1F1B3D3}.AppStore|ARM.ActiveCfg = Release|Any CPU
		{E5AF1174-AC7A-49C8-8FC5-75D4A1F1B3D3}.AppStore|ARM.Build.0 = Release|Any CPU
		{E5AF1174-AC7A-49C8-8FC5-75D4A1F1B3D3}.AppStore|ARM.Deploy.0 = Release|Any CPU
		{E5AF1174-AC7A-49C8-8FC5-75D4A1F1B3D3}.AppStore|iPhone.ActiveCfg = Release|Any CPU
		{E5AF1174-AC7A-49C8-8FC5-75D4A1F1B3D3}.AppStore|iPhone.Build.0 = Release|Any CPU
		{E5AF1174-AC7A-49C8-8FC5-75D4A1F1B3D3}.AppStore|iPhone.Deploy.0 = Release|Any CPU
		{E5AF1174-AC7A-49C8-8FC5-75D4A1F1B3D3}.AppStore|iPhoneSimulator.ActiveCfg = Release|Any CPU
		{E5AF1174-AC7A-49C8-8FC5-75D4A1F1B3D3}.AppStore|iPhoneSimulator.Build.0 = Release|Any CPU
		{E5AF1174-AC7A-49C8-8FC5-75D4A1F1B3D3}.AppStore|iPhoneSimulator.Deploy.0 = Release|Any CPU
		{E5AF1174-AC7A-49C8-8FC5-75D4A1F1B3D3}.AppStore|x64.ActiveCfg = Release|Any CPU
		{E5AF1174-AC7A-49C8-8FC5-75D4A1F1B3D3}.AppStore|x64.Build.0 = Release|Any CPU
		{E5AF1174-AC7A-49C8-8FC5-75D4A1F1B3D3}.AppStore|x64.Deploy.0 = Release|Any CPU
		{E5AF1174-AC7A-49C8-8FC5-75D4A1F1B3D3}.AppStore|x86.ActiveCfg = Release|Any CPU
		{E5AF1174-AC7A-49C8-8FC5-75D4A1F1B3D3}.AppStore|x86.Build.0 = Release|Any CPU
		{E5AF1174-AC7A-49C8-8FC5-75D4A1F1B3D3}.AppStore|x86.Deploy.0 = Release|Any CPU
		{E5AF1174-AC7A-49C8-8FC5-75D4A1F1B3D3}.Debug|Any CPU.ActiveCfg = Debug|Any CPU
		{E5AF1174-AC7A-49C8-8FC5-75D4A1F1B3D3}.Debug|Any CPU.Build.0 = Debug|Any CPU
		{E5AF1174-AC7A-49C8-8FC5-75D4A1F1B3D3}.Debug|Any CPU.Deploy.0 = Debug|Any CPU
		{E5AF1174-AC7A-49C8-8FC5-75D4A1F1B3D3}.Debug|ARM.ActiveCfg = Debug|Any CPU
		{E5AF1174-AC7A-49C8-8FC5-75D4A1F1B3D3}.Debug|ARM.Build.0 = Debug|Any CPU
		{E5AF1174-AC7A-49C8-8FC5-75D4A1F1B3D3}.Debug|ARM.Deploy.0 = Debug|Any CPU
		{E5AF1174-AC7A-49C8-8FC5-75D4A1F1B3D3}.Debug|iPhone.ActiveCfg = Debug|Any CPU
		{E5AF1174-AC7A-49C8-8FC5-75D4A1F1B3D3}.Debug|iPhone.Build.0 = Debug|Any CPU
		{E5AF1174-AC7A-49C8-8FC5-75D4A1F1B3D3}.Debug|iPhone.Deploy.0 = Debug|Any CPU
		{E5AF1174-AC7A-49C8-8FC5-75D4A1F1B3D3}.Debug|iPhoneSimulator.ActiveCfg = Debug|Any CPU
		{E5AF1174-AC7A-49C8-8FC5-75D4A1F1B3D3}.Debug|iPhoneSimulator.Build.0 = Debug|Any CPU
		{E5AF1174-AC7A-49C8-8FC5-75D4A1F1B3D3}.Debug|iPhoneSimulator.Deploy.0 = Debug|Any CPU
		{E5AF1174-AC7A-49C8-8FC5-75D4A1F1B3D3}.Debug|x64.ActiveCfg = Debug|Any CPU
		{E5AF1174-AC7A-49C8-8FC5-75D4A1F1B3D3}.Debug|x64.Build.0 = Debug|Any CPU
		{E5AF1174-AC7A-49C8-8FC5-75D4A1F1B3D3}.Debug|x64.Deploy.0 = Debug|Any CPU
		{E5AF1174-AC7A-49C8-8FC5-75D4A1F1B3D3}.Debug|x86.ActiveCfg = Debug|Any CPU
		{E5AF1174-AC7A-49C8-8FC5-75D4A1F1B3D3}.Debug|x86.Build.0 = Debug|Any CPU
		{E5AF1174-AC7A-49C8-8FC5-75D4A1F1B3D3}.Debug|x86.Deploy.0 = Debug|Any CPU
		{E5AF1174-AC7A-49C8-8FC5-75D4A1F1B3D3}.Release|Any CPU.ActiveCfg = Release|Any CPU
		{E5AF1174-AC7A-49C8-8FC5-75D4A1F1B3D3}.Release|Any CPU.Build.0 = Release|Any CPU
		{E5AF1174-AC7A-49C8-8FC5-75D4A1F1B3D3}.Release|Any CPU.Deploy.0 = Release|Any CPU
		{E5AF1174-AC7A-49C8-8FC5-75D4A1F1B3D3}.Release|ARM.ActiveCfg = Release|Any CPU
		{E5AF1174-AC7A-49C8-8FC5-75D4A1F1B3D3}.Release|ARM.Build.0 = Release|Any CPU
		{E5AF1174-AC7A-49C8-8FC5-75D4A1F1B3D3}.Release|ARM.Deploy.0 = Release|Any CPU
		{E5AF1174-AC7A-49C8-8FC5-75D4A1F1B3D3}.Release|iPhone.ActiveCfg = Release|Any CPU
		{E5AF1174-AC7A-49C8-8FC5-75D4A1F1B3D3}.Release|iPhone.Build.0 = Release|Any CPU
		{E5AF1174-AC7A-49C8-8FC5-75D4A1F1B3D3}.Release|iPhone.Deploy.0 = Release|Any CPU
		{E5AF1174-AC7A-49C8-8FC5-75D4A1F1B3D3}.Release|iPhoneSimulator.ActiveCfg = Release|Any CPU
		{E5AF1174-AC7A-49C8-8FC5-75D4A1F1B3D3}.Release|iPhoneSimulator.Build.0 = Release|Any CPU
		{E5AF1174-AC7A-49C8-8FC5-75D4A1F1B3D3}.Release|iPhoneSimulator.Deploy.0 = Release|Any CPU
		{E5AF1174-AC7A-49C8-8FC5-75D4A1F1B3D3}.Release|x64.ActiveCfg = Release|Any CPU
		{E5AF1174-AC7A-49C8-8FC5-75D4A1F1B3D3}.Release|x64.Build.0 = Release|Any CPU
		{E5AF1174-AC7A-49C8-8FC5-75D4A1F1B3D3}.Release|x64.Deploy.0 = Release|Any CPU
		{E5AF1174-AC7A-49C8-8FC5-75D4A1F1B3D3}.Release|x86.ActiveCfg = Release|Any CPU
		{E5AF1174-AC7A-49C8-8FC5-75D4A1F1B3D3}.Release|x86.Build.0 = Release|Any CPU
		{E5AF1174-AC7A-49C8-8FC5-75D4A1F1B3D3}.Release|x86.Deploy.0 = Release|Any CPU
		{F889C915-3E9D-4A0D-9AA8-328C05379D40}.Ad-Hoc|Any CPU.ActiveCfg = Ad-Hoc|iPhone
		{F889C915-3E9D-4A0D-9AA8-328C05379D40}.Ad-Hoc|ARM.ActiveCfg = Ad-Hoc|iPhone
		{F889C915-3E9D-4A0D-9AA8-328C05379D40}.Ad-Hoc|iPhone.ActiveCfg = Ad-Hoc|iPhone
		{F889C915-3E9D-4A0D-9AA8-328C05379D40}.Ad-Hoc|iPhone.Build.0 = Ad-Hoc|iPhone
		{F889C915-3E9D-4A0D-9AA8-328C05379D40}.Ad-Hoc|iPhoneSimulator.ActiveCfg = Ad-Hoc|iPhoneSimulator
		{F889C915-3E9D-4A0D-9AA8-328C05379D40}.Ad-Hoc|iPhoneSimulator.Build.0 = Ad-Hoc|iPhoneSimulator
		{F889C915-3E9D-4A0D-9AA8-328C05379D40}.Ad-Hoc|x64.ActiveCfg = Ad-Hoc|iPhone
		{F889C915-3E9D-4A0D-9AA8-328C05379D40}.Ad-Hoc|x86.ActiveCfg = Ad-Hoc|iPhone
		{F889C915-3E9D-4A0D-9AA8-328C05379D40}.AppStore|Any CPU.ActiveCfg = AppStore|iPhone
		{F889C915-3E9D-4A0D-9AA8-328C05379D40}.AppStore|ARM.ActiveCfg = AppStore|iPhone
		{F889C915-3E9D-4A0D-9AA8-328C05379D40}.AppStore|iPhone.ActiveCfg = AppStore|iPhone
		{F889C915-3E9D-4A0D-9AA8-328C05379D40}.AppStore|iPhone.Build.0 = AppStore|iPhone
		{F889C915-3E9D-4A0D-9AA8-328C05379D40}.AppStore|iPhoneSimulator.ActiveCfg = AppStore|iPhoneSimulator
		{F889C915-3E9D-4A0D-9AA8-328C05379D40}.AppStore|iPhoneSimulator.Build.0 = AppStore|iPhoneSimulator
		{F889C915-3E9D-4A0D-9AA8-328C05379D40}.AppStore|x64.ActiveCfg = AppStore|iPhone
		{F889C915-3E9D-4A0D-9AA8-328C05379D40}.AppStore|x86.ActiveCfg = AppStore|iPhone
		{F889C915-3E9D-4A0D-9AA8-328C05379D40}.Debug|Any CPU.ActiveCfg = Debug|iPhone
		{F889C915-3E9D-4A0D-9AA8-328C05379D40}.Debug|ARM.ActiveCfg = Debug|iPhone
		{F889C915-3E9D-4A0D-9AA8-328C05379D40}.Debug|iPhone.ActiveCfg = Debug|iPhone
		{F889C915-3E9D-4A0D-9AA8-328C05379D40}.Debug|iPhone.Build.0 = Debug|iPhone
		{F889C915-3E9D-4A0D-9AA8-328C05379D40}.Debug|iPhoneSimulator.ActiveCfg = Debug|iPhoneSimulator
		{F889C915-3E9D-4A0D-9AA8-328C05379D40}.Debug|iPhoneSimulator.Build.0 = Debug|iPhoneSimulator
		{F889C915-3E9D-4A0D-9AA8-328C05379D40}.Debug|x64.ActiveCfg = Debug|iPhone
		{F889C915-3E9D-4A0D-9AA8-328C05379D40}.Debug|x86.ActiveCfg = Debug|iPhone
		{F889C915-3E9D-4A0D-9AA8-328C05379D40}.Release|Any CPU.ActiveCfg = Release|iPhone
		{F889C915-3E9D-4A0D-9AA8-328C05379D40}.Release|ARM.ActiveCfg = Release|iPhone
		{F889C915-3E9D-4A0D-9AA8-328C05379D40}.Release|iPhone.ActiveCfg = Release|iPhone
		{F889C915-3E9D-4A0D-9AA8-328C05379D40}.Release|iPhone.Build.0 = Release|iPhone
		{F889C915-3E9D-4A0D-9AA8-328C05379D40}.Release|iPhoneSimulator.ActiveCfg = Release|iPhoneSimulator
		{F889C915-3E9D-4A0D-9AA8-328C05379D40}.Release|iPhoneSimulator.Build.0 = Release|iPhoneSimulator
		{F889C915-3E9D-4A0D-9AA8-328C05379D40}.Release|x64.ActiveCfg = Release|iPhone
		{F889C915-3E9D-4A0D-9AA8-328C05379D40}.Release|x86.ActiveCfg = Release|iPhone
		{9F4B6D2E-A973-4DDE-830D-E5C235D231D9}.Ad-Hoc|Any CPU.ActiveCfg = Release|Any CPU
		{9F4B6D2E-A973-4DDE-830D-E5C235D231D9}.Ad-Hoc|Any CPU.Build.0 = Release|Any CPU
		{9F4B6D2E-A973-4DDE-830D-E5C235D231D9}.Ad-Hoc|Any CPU.Deploy.0 = Release|Any CPU
		{9F4B6D2E-A973-4DDE-830D-E5C235D231D9}.Ad-Hoc|ARM.ActiveCfg = Release|ARM
		{9F4B6D2E-A973-4DDE-830D-E5C235D231D9}.Ad-Hoc|ARM.Build.0 = Release|ARM
		{9F4B6D2E-A973-4DDE-830D-E5C235D231D9}.Ad-Hoc|ARM.Deploy.0 = Release|ARM
		{9F4B6D2E-A973-4DDE-830D-E5C235D231D9}.Ad-Hoc|iPhone.ActiveCfg = Release|Any CPU
		{9F4B6D2E-A973-4DDE-830D-E5C235D231D9}.Ad-Hoc|iPhone.Build.0 = Release|Any CPU
		{9F4B6D2E-A973-4DDE-830D-E5C235D231D9}.Ad-Hoc|iPhone.Deploy.0 = Release|Any CPU
		{9F4B6D2E-A973-4DDE-830D-E5C235D231D9}.Ad-Hoc|iPhoneSimulator.ActiveCfg = Release|Any CPU
		{9F4B6D2E-A973-4DDE-830D-E5C235D231D9}.Ad-Hoc|iPhoneSimulator.Build.0 = Release|Any CPU
		{9F4B6D2E-A973-4DDE-830D-E5C235D231D9}.Ad-Hoc|iPhoneSimulator.Deploy.0 = Release|Any CPU
		{9F4B6D2E-A973-4DDE-830D-E5C235D231D9}.Ad-Hoc|x64.ActiveCfg = Release|Any CPU
		{9F4B6D2E-A973-4DDE-830D-E5C235D231D9}.Ad-Hoc|x64.Build.0 = Release|Any CPU
		{9F4B6D2E-A973-4DDE-830D-E5C235D231D9}.Ad-Hoc|x64.Deploy.0 = Release|Any CPU
		{9F4B6D2E-A973-4DDE-830D-E5C235D231D9}.Ad-Hoc|x86.ActiveCfg = Release|x86
		{9F4B6D2E-A973-4DDE-830D-E5C235D231D9}.Ad-Hoc|x86.Build.0 = Release|x86
		{9F4B6D2E-A973-4DDE-830D-E5C235D231D9}.Ad-Hoc|x86.Deploy.0 = Release|x86
		{9F4B6D2E-A973-4DDE-830D-E5C235D231D9}.AppStore|Any CPU.ActiveCfg = Release|Any CPU
		{9F4B6D2E-A973-4DDE-830D-E5C235D231D9}.AppStore|Any CPU.Build.0 = Release|Any CPU
		{9F4B6D2E-A973-4DDE-830D-E5C235D231D9}.AppStore|Any CPU.Deploy.0 = Release|Any CPU
		{9F4B6D2E-A973-4DDE-830D-E5C235D231D9}.AppStore|ARM.ActiveCfg = Release|ARM
		{9F4B6D2E-A973-4DDE-830D-E5C235D231D9}.AppStore|ARM.Build.0 = Release|ARM
		{9F4B6D2E-A973-4DDE-830D-E5C235D231D9}.AppStore|ARM.Deploy.0 = Release|ARM
		{9F4B6D2E-A973-4DDE-830D-E5C235D231D9}.AppStore|iPhone.ActiveCfg = Release|Any CPU
		{9F4B6D2E-A973-4DDE-830D-E5C235D231D9}.AppStore|iPhone.Build.0 = Release|Any CPU
		{9F4B6D2E-A973-4DDE-830D-E5C235D231D9}.AppStore|iPhone.Deploy.0 = Release|Any CPU
		{9F4B6D2E-A973-4DDE-830D-E5C235D231D9}.AppStore|iPhoneSimulator.ActiveCfg = Release|Any CPU
		{9F4B6D2E-A973-4DDE-830D-E5C235D231D9}.AppStore|iPhoneSimulator.Build.0 = Release|Any CPU
		{9F4B6D2E-A973-4DDE-830D-E5C235D231D9}.AppStore|iPhoneSimulator.Deploy.0 = Release|Any CPU
		{9F4B6D2E-A973-4DDE-830D-E5C235D231D9}.AppStore|x64.ActiveCfg = Release|Any CPU
		{9F4B6D2E-A973-4DDE-830D-E5C235D231D9}.AppStore|x64.Build.0 = Release|Any CPU
		{9F4B6D2E-A973-4DDE-830D-E5C235D231D9}.AppStore|x64.Deploy.0 = Release|Any CPU
		{9F4B6D2E-A973-4DDE-830D-E5C235D231D9}.AppStore|x86.ActiveCfg = Release|x86
		{9F4B6D2E-A973-4DDE-830D-E5C235D231D9}.AppStore|x86.Build.0 = Release|x86
		{9F4B6D2E-A973-4DDE-830D-E5C235D231D9}.AppStore|x86.Deploy.0 = Release|x86
		{9F4B6D2E-A973-4DDE-830D-E5C235D231D9}.Debug|Any CPU.ActiveCfg = Debug|Any CPU
		{9F4B6D2E-A973-4DDE-830D-E5C235D231D9}.Debug|Any CPU.Build.0 = Debug|Any CPU
		{9F4B6D2E-A973-4DDE-830D-E5C235D231D9}.Debug|Any CPU.Deploy.0 = Debug|Any CPU
		{9F4B6D2E-A973-4DDE-830D-E5C235D231D9}.Debug|ARM.ActiveCfg = Debug|ARM
		{9F4B6D2E-A973-4DDE-830D-E5C235D231D9}.Debug|ARM.Build.0 = Debug|ARM
		{9F4B6D2E-A973-4DDE-830D-E5C235D231D9}.Debug|ARM.Deploy.0 = Debug|ARM
		{9F4B6D2E-A973-4DDE-830D-E5C235D231D9}.Debug|iPhone.ActiveCfg = Debug|Any CPU
		{9F4B6D2E-A973-4DDE-830D-E5C235D231D9}.Debug|iPhone.Build.0 = Debug|Any CPU
		{9F4B6D2E-A973-4DDE-830D-E5C235D231D9}.Debug|iPhone.Deploy.0 = Debug|Any CPU
		{9F4B6D2E-A973-4DDE-830D-E5C235D231D9}.Debug|iPhoneSimulator.ActiveCfg = Debug|Any CPU
		{9F4B6D2E-A973-4DDE-830D-E5C235D231D9}.Debug|iPhoneSimulator.Build.0 = Debug|Any CPU
		{9F4B6D2E-A973-4DDE-830D-E5C235D231D9}.Debug|iPhoneSimulator.Deploy.0 = Debug|Any CPU
		{9F4B6D2E-A973-4DDE-830D-E5C235D231D9}.Debug|x64.ActiveCfg = Debug|Any CPU
		{9F4B6D2E-A973-4DDE-830D-E5C235D231D9}.Debug|x64.Build.0 = Debug|Any CPU
		{9F4B6D2E-A973-4DDE-830D-E5C235D231D9}.Debug|x64.Deploy.0 = Debug|Any CPU
		{9F4B6D2E-A973-4DDE-830D-E5C235D231D9}.Debug|x86.ActiveCfg = Debug|x86
		{9F4B6D2E-A973-4DDE-830D-E5C235D231D9}.Debug|x86.Build.0 = Debug|x86
		{9F4B6D2E-A973-4DDE-830D-E5C235D231D9}.Debug|x86.Deploy.0 = Debug|x86
		{9F4B6D2E-A973-4DDE-830D-E5C235D231D9}.Release|Any CPU.ActiveCfg = Release|Any CPU
		{9F4B6D2E-A973-4DDE-830D-E5C235D231D9}.Release|Any CPU.Build.0 = Release|Any CPU
		{9F4B6D2E-A973-4DDE-830D-E5C235D231D9}.Release|Any CPU.Deploy.0 = Release|Any CPU
		{9F4B6D2E-A973-4DDE-830D-E5C235D231D9}.Release|ARM.ActiveCfg = Release|ARM
		{9F4B6D2E-A973-4DDE-830D-E5C235D231D9}.Release|ARM.Build.0 = Release|ARM
		{9F4B6D2E-A973-4DDE-830D-E5C235D231D9}.Release|ARM.Deploy.0 = Release|ARM
		{9F4B6D2E-A973-4DDE-830D-E5C235D231D9}.Release|iPhone.ActiveCfg = Release|Any CPU
		{9F4B6D2E-A973-4DDE-830D-E5C235D231D9}.Release|iPhone.Build.0 = Release|Any CPU
		{9F4B6D2E-A973-4DDE-830D-E5C235D231D9}.Release|iPhone.Deploy.0 = Release|Any CPU
		{9F4B6D2E-A973-4DDE-830D-E5C235D231D9}.Release|iPhoneSimulator.ActiveCfg = Release|Any CPU
		{9F4B6D2E-A973-4DDE-830D-E5C235D231D9}.Release|iPhoneSimulator.Build.0 = Release|Any CPU
		{9F4B6D2E-A973-4DDE-830D-E5C235D231D9}.Release|iPhoneSimulator.Deploy.0 = Release|Any CPU
		{9F4B6D2E-A973-4DDE-830D-E5C235D231D9}.Release|x64.ActiveCfg = Release|Any CPU
		{9F4B6D2E-A973-4DDE-830D-E5C235D231D9}.Release|x64.Build.0 = Release|Any CPU
		{9F4B6D2E-A973-4DDE-830D-E5C235D231D9}.Release|x64.Deploy.0 = Release|Any CPU
		{9F4B6D2E-A973-4DDE-830D-E5C235D231D9}.Release|x86.ActiveCfg = Release|x86
		{9F4B6D2E-A973-4DDE-830D-E5C235D231D9}.Release|x86.Build.0 = Release|x86
		{9F4B6D2E-A973-4DDE-830D-E5C235D231D9}.Release|x86.Deploy.0 = Release|x86
		{585AA2D9-8B20-4188-85D2-858AF465FB3F}.Ad-Hoc|Any CPU.ActiveCfg = Release|x86
		{585AA2D9-8B20-4188-85D2-858AF465FB3F}.Ad-Hoc|Any CPU.Build.0 = Release|x86
		{585AA2D9-8B20-4188-85D2-858AF465FB3F}.Ad-Hoc|Any CPU.Deploy.0 = Release|x86
		{585AA2D9-8B20-4188-85D2-858AF465FB3F}.Ad-Hoc|ARM.ActiveCfg = Release|ARM
		{585AA2D9-8B20-4188-85D2-858AF465FB3F}.Ad-Hoc|ARM.Build.0 = Release|ARM
		{585AA2D9-8B20-4188-85D2-858AF465FB3F}.Ad-Hoc|ARM.Deploy.0 = Release|ARM
		{585AA2D9-8B20-4188-85D2-858AF465FB3F}.Ad-Hoc|iPhone.ActiveCfg = Release|x86
		{585AA2D9-8B20-4188-85D2-858AF465FB3F}.Ad-Hoc|iPhone.Build.0 = Release|x86
		{585AA2D9-8B20-4188-85D2-858AF465FB3F}.Ad-Hoc|iPhone.Deploy.0 = Release|x86
		{585AA2D9-8B20-4188-85D2-858AF465FB3F}.Ad-Hoc|iPhoneSimulator.ActiveCfg = Release|x86
		{585AA2D9-8B20-4188-85D2-858AF465FB3F}.Ad-Hoc|iPhoneSimulator.Build.0 = Release|x86
		{585AA2D9-8B20-4188-85D2-858AF465FB3F}.Ad-Hoc|iPhoneSimulator.Deploy.0 = Release|x86
		{585AA2D9-8B20-4188-85D2-858AF465FB3F}.Ad-Hoc|x64.ActiveCfg = Release|x64
		{585AA2D9-8B20-4188-85D2-858AF465FB3F}.Ad-Hoc|x64.Build.0 = Release|x64
		{585AA2D9-8B20-4188-85D2-858AF465FB3F}.Ad-Hoc|x64.Deploy.0 = Release|x64
		{585AA2D9-8B20-4188-85D2-858AF465FB3F}.Ad-Hoc|x86.ActiveCfg = Release|x86
		{585AA2D9-8B20-4188-85D2-858AF465FB3F}.Ad-Hoc|x86.Build.0 = Release|x86
		{585AA2D9-8B20-4188-85D2-858AF465FB3F}.Ad-Hoc|x86.Deploy.0 = Release|x86
		{585AA2D9-8B20-4188-85D2-858AF465FB3F}.AppStore|Any CPU.ActiveCfg = Release|x86
		{585AA2D9-8B20-4188-85D2-858AF465FB3F}.AppStore|Any CPU.Build.0 = Release|x86
		{585AA2D9-8B20-4188-85D2-858AF465FB3F}.AppStore|Any CPU.Deploy.0 = Release|x86
		{585AA2D9-8B20-4188-85D2-858AF465FB3F}.AppStore|ARM.ActiveCfg = Release|ARM
		{585AA2D9-8B20-4188-85D2-858AF465FB3F}.AppStore|ARM.Build.0 = Release|ARM
		{585AA2D9-8B20-4188-85D2-858AF465FB3F}.AppStore|ARM.Deploy.0 = Release|ARM
		{585AA2D9-8B20-4188-85D2-858AF465FB3F}.AppStore|iPhone.ActiveCfg = Release|x86
		{585AA2D9-8B20-4188-85D2-858AF465FB3F}.AppStore|iPhone.Build.0 = Release|x86
		{585AA2D9-8B20-4188-85D2-858AF465FB3F}.AppStore|iPhone.Deploy.0 = Release|x86
		{585AA2D9-8B20-4188-85D2-858AF465FB3F}.AppStore|iPhoneSimulator.ActiveCfg = Release|x86
		{585AA2D9-8B20-4188-85D2-858AF465FB3F}.AppStore|iPhoneSimulator.Build.0 = Release|x86
		{585AA2D9-8B20-4188-85D2-858AF465FB3F}.AppStore|iPhoneSimulator.Deploy.0 = Release|x86
		{585AA2D9-8B20-4188-85D2-858AF465FB3F}.AppStore|x64.ActiveCfg = Release|x64
		{585AA2D9-8B20-4188-85D2-858AF465FB3F}.AppStore|x64.Build.0 = Release|x64
		{585AA2D9-8B20-4188-85D2-858AF465FB3F}.AppStore|x64.Deploy.0 = Release|x64
		{585AA2D9-8B20-4188-85D2-858AF465FB3F}.AppStore|x86.ActiveCfg = Release|x86
		{585AA2D9-8B20-4188-85D2-858AF465FB3F}.AppStore|x86.Build.0 = Release|x86
		{585AA2D9-8B20-4188-85D2-858AF465FB3F}.AppStore|x86.Deploy.0 = Release|x86
		{585AA2D9-8B20-4188-85D2-858AF465FB3F}.Debug|Any CPU.ActiveCfg = Debug|x86
		{585AA2D9-8B20-4188-85D2-858AF465FB3F}.Debug|ARM.ActiveCfg = Debug|ARM
		{585AA2D9-8B20-4188-85D2-858AF465FB3F}.Debug|ARM.Build.0 = Debug|ARM
		{585AA2D9-8B20-4188-85D2-858AF465FB3F}.Debug|ARM.Deploy.0 = Debug|ARM
		{585AA2D9-8B20-4188-85D2-858AF465FB3F}.Debug|iPhone.ActiveCfg = Debug|x86
		{585AA2D9-8B20-4188-85D2-858AF465FB3F}.Debug|iPhoneSimulator.ActiveCfg = Debug|x86
		{585AA2D9-8B20-4188-85D2-858AF465FB3F}.Debug|x64.ActiveCfg = Debug|x64
		{585AA2D9-8B20-4188-85D2-858AF465FB3F}.Debug|x64.Build.0 = Debug|x64
		{585AA2D9-8B20-4188-85D2-858AF465FB3F}.Debug|x64.Deploy.0 = Debug|x64
		{585AA2D9-8B20-4188-85D2-858AF465FB3F}.Debug|x86.ActiveCfg = Debug|x86
		{585AA2D9-8B20-4188-85D2-858AF465FB3F}.Debug|x86.Build.0 = Debug|x86
		{585AA2D9-8B20-4188-85D2-858AF465FB3F}.Debug|x86.Deploy.0 = Debug|x86
		{585AA2D9-8B20-4188-85D2-858AF465FB3F}.Release|Any CPU.ActiveCfg = Release|x86
		{585AA2D9-8B20-4188-85D2-858AF465FB3F}.Release|ARM.ActiveCfg = Release|ARM
		{585AA2D9-8B20-4188-85D2-858AF465FB3F}.Release|ARM.Build.0 = Release|ARM
		{585AA2D9-8B20-4188-85D2-858AF465FB3F}.Release|ARM.Deploy.0 = Release|ARM
		{585AA2D9-8B20-4188-85D2-858AF465FB3F}.Release|iPhone.ActiveCfg = Release|x86
		{585AA2D9-8B20-4188-85D2-858AF465FB3F}.Release|iPhoneSimulator.ActiveCfg = Release|x86
		{585AA2D9-8B20-4188-85D2-858AF465FB3F}.Release|x64.ActiveCfg = Release|x64
		{585AA2D9-8B20-4188-85D2-858AF465FB3F}.Release|x64.Build.0 = Release|x64
		{585AA2D9-8B20-4188-85D2-858AF465FB3F}.Release|x64.Deploy.0 = Release|x64
		{585AA2D9-8B20-4188-85D2-858AF465FB3F}.Release|x86.ActiveCfg = Release|x86
		{585AA2D9-8B20-4188-85D2-858AF465FB3F}.Release|x86.Build.0 = Release|x86
		{585AA2D9-8B20-4188-85D2-858AF465FB3F}.Release|x86.Deploy.0 = Release|x86
		{BA1B4FED-57E1-4387-9317-C64FD3B1B7DD}.Ad-Hoc|Any CPU.ActiveCfg = Release|Any CPU
		{BA1B4FED-57E1-4387-9317-C64FD3B1B7DD}.Ad-Hoc|Any CPU.Build.0 = Release|Any CPU
		{BA1B4FED-57E1-4387-9317-C64FD3B1B7DD}.Ad-Hoc|Any CPU.Deploy.0 = Release|Any CPU
		{BA1B4FED-57E1-4387-9317-C64FD3B1B7DD}.Ad-Hoc|ARM.ActiveCfg = Release|ARM
		{BA1B4FED-57E1-4387-9317-C64FD3B1B7DD}.Ad-Hoc|ARM.Build.0 = Release|ARM
		{BA1B4FED-57E1-4387-9317-C64FD3B1B7DD}.Ad-Hoc|ARM.Deploy.0 = Release|ARM
		{BA1B4FED-57E1-4387-9317-C64FD3B1B7DD}.Ad-Hoc|iPhone.ActiveCfg = Release|Any CPU
		{BA1B4FED-57E1-4387-9317-C64FD3B1B7DD}.Ad-Hoc|iPhone.Build.0 = Release|Any CPU
		{BA1B4FED-57E1-4387-9317-C64FD3B1B7DD}.Ad-Hoc|iPhone.Deploy.0 = Release|Any CPU
		{BA1B4FED-57E1-4387-9317-C64FD3B1B7DD}.Ad-Hoc|iPhoneSimulator.ActiveCfg = Release|Any CPU
		{BA1B4FED-57E1-4387-9317-C64FD3B1B7DD}.Ad-Hoc|iPhoneSimulator.Build.0 = Release|Any CPU
		{BA1B4FED-57E1-4387-9317-C64FD3B1B7DD}.Ad-Hoc|iPhoneSimulator.Deploy.0 = Release|Any CPU
		{BA1B4FED-57E1-4387-9317-C64FD3B1B7DD}.Ad-Hoc|x64.ActiveCfg = Release|x64
		{BA1B4FED-57E1-4387-9317-C64FD3B1B7DD}.Ad-Hoc|x64.Build.0 = Release|x64
		{BA1B4FED-57E1-4387-9317-C64FD3B1B7DD}.Ad-Hoc|x64.Deploy.0 = Release|x64
		{BA1B4FED-57E1-4387-9317-C64FD3B1B7DD}.Ad-Hoc|x86.ActiveCfg = Release|x86
		{BA1B4FED-57E1-4387-9317-C64FD3B1B7DD}.Ad-Hoc|x86.Build.0 = Release|x86
		{BA1B4FED-57E1-4387-9317-C64FD3B1B7DD}.Ad-Hoc|x86.Deploy.0 = Release|x86
		{BA1B4FED-57E1-4387-9317-C64FD3B1B7DD}.AppStore|Any CPU.ActiveCfg = Release|Any CPU
		{BA1B4FED-57E1-4387-9317-C64FD3B1B7DD}.AppStore|Any CPU.Build.0 = Release|Any CPU
		{BA1B4FED-57E1-4387-9317-C64FD3B1B7DD}.AppStore|Any CPU.Deploy.0 = Release|Any CPU
		{BA1B4FED-57E1-4387-9317-C64FD3B1B7DD}.AppStore|ARM.ActiveCfg = Release|ARM
		{BA1B4FED-57E1-4387-9317-C64FD3B1B7DD}.AppStore|ARM.Build.0 = Release|ARM
		{BA1B4FED-57E1-4387-9317-C64FD3B1B7DD}.AppStore|ARM.Deploy.0 = Release|ARM
		{BA1B4FED-57E1-4387-9317-C64FD3B1B7DD}.AppStore|iPhone.ActiveCfg = Release|Any CPU
		{BA1B4FED-57E1-4387-9317-C64FD3B1B7DD}.AppStore|iPhone.Build.0 = Release|Any CPU
		{BA1B4FED-57E1-4387-9317-C64FD3B1B7DD}.AppStore|iPhone.Deploy.0 = Release|Any CPU
		{BA1B4FED-57E1-4387-9317-C64FD3B1B7DD}.AppStore|iPhoneSimulator.ActiveCfg = Release|Any CPU
		{BA1B4FED-57E1-4387-9317-C64FD3B1B7DD}.AppStore|iPhoneSimulator.Build.0 = Release|Any CPU
		{BA1B4FED-57E1-4387-9317-C64FD3B1B7DD}.AppStore|iPhoneSimulator.Deploy.0 = Release|Any CPU
		{BA1B4FED-57E1-4387-9317-C64FD3B1B7DD}.AppStore|x64.ActiveCfg = Release|x64
		{BA1B4FED-57E1-4387-9317-C64FD3B1B7DD}.AppStore|x64.Build.0 = Release|x64
		{BA1B4FED-57E1-4387-9317-C64FD3B1B7DD}.AppStore|x64.Deploy.0 = Release|x64
		{BA1B4FED-57E1-4387-9317-C64FD3B1B7DD}.AppStore|x86.ActiveCfg = Release|x86
		{BA1B4FED-57E1-4387-9317-C64FD3B1B7DD}.AppStore|x86.Build.0 = Release|x86
		{BA1B4FED-57E1-4387-9317-C64FD3B1B7DD}.AppStore|x86.Deploy.0 = Release|x86
		{BA1B4FED-57E1-4387-9317-C64FD3B1B7DD}.Debug|Any CPU.ActiveCfg = Debug|Any CPU
		{BA1B4FED-57E1-4387-9317-C64FD3B1B7DD}.Debug|Any CPU.Build.0 = Debug|Any CPU
		{BA1B4FED-57E1-4387-9317-C64FD3B1B7DD}.Debug|Any CPU.Deploy.0 = Debug|Any CPU
		{BA1B4FED-57E1-4387-9317-C64FD3B1B7DD}.Debug|ARM.ActiveCfg = Debug|ARM
		{BA1B4FED-57E1-4387-9317-C64FD3B1B7DD}.Debug|ARM.Build.0 = Debug|ARM
		{BA1B4FED-57E1-4387-9317-C64FD3B1B7DD}.Debug|ARM.Deploy.0 = Debug|ARM
		{BA1B4FED-57E1-4387-9317-C64FD3B1B7DD}.Debug|iPhone.ActiveCfg = Debug|Any CPU
		{BA1B4FED-57E1-4387-9317-C64FD3B1B7DD}.Debug|iPhone.Build.0 = Debug|Any CPU
		{BA1B4FED-57E1-4387-9317-C64FD3B1B7DD}.Debug|iPhone.Deploy.0 = Debug|Any CPU
		{BA1B4FED-57E1-4387-9317-C64FD3B1B7DD}.Debug|iPhoneSimulator.ActiveCfg = Debug|Any CPU
		{BA1B4FED-57E1-4387-9317-C64FD3B1B7DD}.Debug|iPhoneSimulator.Build.0 = Debug|Any CPU
		{BA1B4FED-57E1-4387-9317-C64FD3B1B7DD}.Debug|iPhoneSimulator.Deploy.0 = Debug|Any CPU
		{BA1B4FED-57E1-4387-9317-C64FD3B1B7DD}.Debug|x64.ActiveCfg = Debug|x64
		{BA1B4FED-57E1-4387-9317-C64FD3B1B7DD}.Debug|x64.Build.0 = Debug|x64
		{BA1B4FED-57E1-4387-9317-C64FD3B1B7DD}.Debug|x64.Deploy.0 = Debug|x64
		{BA1B4FED-57E1-4387-9317-C64FD3B1B7DD}.Debug|x86.ActiveCfg = Debug|x86
		{BA1B4FED-57E1-4387-9317-C64FD3B1B7DD}.Debug|x86.Build.0 = Debug|x86
		{BA1B4FED-57E1-4387-9317-C64FD3B1B7DD}.Debug|x86.Deploy.0 = Debug|x86
		{BA1B4FED-57E1-4387-9317-C64FD3B1B7DD}.Release|Any CPU.ActiveCfg = Release|Any CPU
		{BA1B4FED-57E1-4387-9317-C64FD3B1B7DD}.Release|Any CPU.Build.0 = Release|Any CPU
		{BA1B4FED-57E1-4387-9317-C64FD3B1B7DD}.Release|Any CPU.Deploy.0 = Release|Any CPU
		{BA1B4FED-57E1-4387-9317-C64FD3B1B7DD}.Release|ARM.ActiveCfg = Release|ARM
		{BA1B4FED-57E1-4387-9317-C64FD3B1B7DD}.Release|ARM.Build.0 = Release|ARM
		{BA1B4FED-57E1-4387-9317-C64FD3B1B7DD}.Release|ARM.Deploy.0 = Release|ARM
		{BA1B4FED-57E1-4387-9317-C64FD3B1B7DD}.Release|iPhone.ActiveCfg = Release|Any CPU
		{BA1B4FED-57E1-4387-9317-C64FD3B1B7DD}.Release|iPhone.Build.0 = Release|Any CPU
		{BA1B4FED-57E1-4387-9317-C64FD3B1B7DD}.Release|iPhone.Deploy.0 = Release|Any CPU
		{BA1B4FED-57E1-4387-9317-C64FD3B1B7DD}.Release|iPhoneSimulator.ActiveCfg = Release|Any CPU
		{BA1B4FED-57E1-4387-9317-C64FD3B1B7DD}.Release|iPhoneSimulator.Build.0 = Release|Any CPU
		{BA1B4FED-57E1-4387-9317-C64FD3B1B7DD}.Release|iPhoneSimulator.Deploy.0 = Release|Any CPU
		{BA1B4FED-57E1-4387-9317-C64FD3B1B7DD}.Release|x64.ActiveCfg = Release|x64
		{BA1B4FED-57E1-4387-9317-C64FD3B1B7DD}.Release|x64.Build.0 = Release|x64
		{BA1B4FED-57E1-4387-9317-C64FD3B1B7DD}.Release|x64.Deploy.0 = Release|x64
		{BA1B4FED-57E1-4387-9317-C64FD3B1B7DD}.Release|x86.ActiveCfg = Release|x86
		{BA1B4FED-57E1-4387-9317-C64FD3B1B7DD}.Release|x86.Build.0 = Release|x86
		{BA1B4FED-57E1-4387-9317-C64FD3B1B7DD}.Release|x86.Deploy.0 = Release|x86
		{7224A4DB-1138-4D74-84B9-61BE06851F1F}.Ad-Hoc|Any CPU.ActiveCfg = Release|Any CPU
		{7224A4DB-1138-4D74-84B9-61BE06851F1F}.Ad-Hoc|Any CPU.Build.0 = Release|Any CPU
		{7224A4DB-1138-4D74-84B9-61BE06851F1F}.Ad-Hoc|ARM.ActiveCfg = Release|Any CPU
		{7224A4DB-1138-4D74-84B9-61BE06851F1F}.Ad-Hoc|ARM.Build.0 = Release|Any CPU
		{7224A4DB-1138-4D74-84B9-61BE06851F1F}.Ad-Hoc|iPhone.ActiveCfg = Release|Any CPU
		{7224A4DB-1138-4D74-84B9-61BE06851F1F}.Ad-Hoc|iPhone.Build.0 = Release|Any CPU
		{7224A4DB-1138-4D74-84B9-61BE06851F1F}.Ad-Hoc|iPhoneSimulator.ActiveCfg = Release|Any CPU
		{7224A4DB-1138-4D74-84B9-61BE06851F1F}.Ad-Hoc|iPhoneSimulator.Build.0 = Release|Any CPU
		{7224A4DB-1138-4D74-84B9-61BE06851F1F}.Ad-Hoc|x64.ActiveCfg = Release|Any CPU
		{7224A4DB-1138-4D74-84B9-61BE06851F1F}.Ad-Hoc|x64.Build.0 = Release|Any CPU
		{7224A4DB-1138-4D74-84B9-61BE06851F1F}.Ad-Hoc|x86.ActiveCfg = Release|Any CPU
		{7224A4DB-1138-4D74-84B9-61BE06851F1F}.Ad-Hoc|x86.Build.0 = Release|Any CPU
		{7224A4DB-1138-4D74-84B9-61BE06851F1F}.AppStore|Any CPU.ActiveCfg = Release|Any CPU
		{7224A4DB-1138-4D74-84B9-61BE06851F1F}.AppStore|Any CPU.Build.0 = Release|Any CPU
		{7224A4DB-1138-4D74-84B9-61BE06851F1F}.AppStore|ARM.ActiveCfg = Release|Any CPU
		{7224A4DB-1138-4D74-84B9-61BE06851F1F}.AppStore|ARM.Build.0 = Release|Any CPU
		{7224A4DB-1138-4D74-84B9-61BE06851F1F}.AppStore|iPhone.ActiveCfg = Release|Any CPU
		{7224A4DB-1138-4D74-84B9-61BE06851F1F}.AppStore|iPhone.Build.0 = Release|Any CPU
		{7224A4DB-1138-4D74-84B9-61BE06851F1F}.AppStore|iPhoneSimulator.ActiveCfg = Release|Any CPU
		{7224A4DB-1138-4D74-84B9-61BE06851F1F}.AppStore|iPhoneSimulator.Build.0 = Release|Any CPU
		{7224A4DB-1138-4D74-84B9-61BE06851F1F}.AppStore|x64.ActiveCfg = Release|Any CPU
		{7224A4DB-1138-4D74-84B9-61BE06851F1F}.AppStore|x64.Build.0 = Release|Any CPU
		{7224A4DB-1138-4D74-84B9-61BE06851F1F}.AppStore|x86.ActiveCfg = Release|Any CPU
		{7224A4DB-1138-4D74-84B9-61BE06851F1F}.AppStore|x86.Build.0 = Release|Any CPU
		{7224A4DB-1138-4D74-84B9-61BE06851F1F}.Debug|Any CPU.ActiveCfg = Debug|Any CPU
		{7224A4DB-1138-4D74-84B9-61BE06851F1F}.Debug|Any CPU.Build.0 = Debug|Any CPU
		{7224A4DB-1138-4D74-84B9-61BE06851F1F}.Debug|ARM.ActiveCfg = Debug|Any CPU
		{7224A4DB-1138-4D74-84B9-61BE06851F1F}.Debug|ARM.Build.0 = Debug|Any CPU
		{7224A4DB-1138-4D74-84B9-61BE06851F1F}.Debug|iPhone.ActiveCfg = Debug|Any CPU
		{7224A4DB-1138-4D74-84B9-61BE06851F1F}.Debug|iPhone.Build.0 = Debug|Any CPU
		{7224A4DB-1138-4D74-84B9-61BE06851F1F}.Debug|iPhoneSimulator.ActiveCfg = Debug|Any CPU
		{7224A4DB-1138-4D74-84B9-61BE06851F1F}.Debug|iPhoneSimulator.Build.0 = Debug|Any CPU
		{7224A4DB-1138-4D74-84B9-61BE06851F1F}.Debug|x64.ActiveCfg = Debug|Any CPU
		{7224A4DB-1138-4D74-84B9-61BE06851F1F}.Debug|x64.Build.0 = Debug|Any CPU
		{7224A4DB-1138-4D74-84B9-61BE06851F1F}.Debug|x86.ActiveCfg = Debug|Any CPU
		{7224A4DB-1138-4D74-84B9-61BE06851F1F}.Debug|x86.Build.0 = Debug|Any CPU
		{7224A4DB-1138-4D74-84B9-61BE06851F1F}.Release|Any CPU.ActiveCfg = Release|Any CPU
		{7224A4DB-1138-4D74-84B9-61BE06851F1F}.Release|Any CPU.Build.0 = Release|Any CPU
		{7224A4DB-1138-4D74-84B9-61BE06851F1F}.Release|ARM.ActiveCfg = Release|Any CPU
		{7224A4DB-1138-4D74-84B9-61BE06851F1F}.Release|ARM.Build.0 = Release|Any CPU
		{7224A4DB-1138-4D74-84B9-61BE06851F1F}.Release|iPhone.ActiveCfg = Release|Any CPU
		{7224A4DB-1138-4D74-84B9-61BE06851F1F}.Release|iPhone.Build.0 = Release|Any CPU
		{7224A4DB-1138-4D74-84B9-61BE06851F1F}.Release|iPhoneSimulator.ActiveCfg = Release|Any CPU
		{7224A4DB-1138-4D74-84B9-61BE06851F1F}.Release|iPhoneSimulator.Build.0 = Release|Any CPU
		{7224A4DB-1138-4D74-84B9-61BE06851F1F}.Release|x64.ActiveCfg = Release|Any CPU
		{7224A4DB-1138-4D74-84B9-61BE06851F1F}.Release|x64.Build.0 = Release|Any CPU
		{7224A4DB-1138-4D74-84B9-61BE06851F1F}.Release|x86.ActiveCfg = Release|Any CPU
		{7224A4DB-1138-4D74-84B9-61BE06851F1F}.Release|x86.Build.0 = Release|Any CPU
	EndGlobalSection
	GlobalSection(SolutionProperties) = preSolution
		HideSolutionNode = FALSE
	EndGlobalSection
EndGlobal
